
Microsoft Visual Studio Solution File, Format Version 12.00
# Visual Studio Version 17
VisualStudioVersion = 17.0.31912.275
MinimumVisualStudioVersion = 10.0.40219.1
Project("{FAE04EC0-301F-11D3-BF4B-00C04F79EFBC}") = "NetDll", "NetDll\NetDll.csproj", "{1CBDFC70-2293-4F4A-8195-010BDC1D240C}"
EndProject
Global
	GlobalSection(SolutionConfigurationPlatforms) = preSolution
		Debug|Any CPU = Debug|Any CPU
		Release|Any CPU = Release|Any CPU
	EndGlobalSection
	GlobalSection(ProjectConfigurationPlatforms) = postSolution
		{1CBDFC70-2293-4F4A-8195-010BDC1D240C}.Debug|Any CPU.ActiveCfg = Debug|Any CPU
		{1CBDFC70-2293-4F4A-8195-010BDC1D240C}.Debug|Any CPU.Build.0 = Debug|Any CPU
		{1CBDFC70-2293-4F4A-8195-010BDC1D240C}.Release|Any CPU.ActiveCfg = Release|Any CPU
		{1CBDFC70-2293-4F4A-8195-010BDC1D240C}.Release|Any CPU.Build.0 = Release|Any CPU
	EndGlobalSection
	GlobalSection(SolutionProperties) = preSolution
		HideSolutionNode = FALSE
	EndGlobalSection
	GlobalSection(ExtensibilityGlobals) = postSolution
		SolutionGuid = {E72E522C-6074-4DF8-88D5-B4F362BB6C8C}
	EndGlobalSection
EndGlobal
